
Microsoft Visual Studio Solution File, Format Version 12.00
# Visual Studio Version 17
VisualStudioVersion = 17.3.32929.385
MinimumVisualStudioVersion = 10.0.40219.1
Project("{9A19103F-16F7-4668-BE54-9A1E7A4F7556}") = "BeatLeaderHelperBot", "BeatLeaderHelperBot\BeatLeaderHelperBot.csproj", "{55D8F655-84BE-40F5-9FB5-4EF405E17FB7}"
EndProject
Project("{2150E333-8FDC-42A3-9474-1A3956D46DE8}") = "Solution Items", "Solution Items", "{0A410016-8A9B-419E-85EA-79C54601BFC7}"
	ProjectSection(SolutionItems) = preProject
		.editorconfig = .editorconfig
	EndProjectSection
EndProject
Global
	GlobalSection(SolutionConfigurationPlatforms) = preSolution
		Debug|Any CPU = Debug|Any CPU
		Release|Any CPU = Release|Any CPU
	EndGlobalSection
	GlobalSection(ProjectConfigurationPlatforms) = postSolution
		{55D8F655-84BE-40F5-9FB5-4EF405E17FB7}.Debug|Any CPU.ActiveCfg = Debug|Any CPU
		{55D8F655-84BE-40F5-9FB5-4EF405E17FB7}.Debug|Any CPU.Build.0 = Debug|Any CPU
		{55D8F655-84BE-40F5-9FB5-4EF405E17FB7}.Release|Any CPU.ActiveCfg = Release|Any CPU
		{55D8F655-84BE-40F5-9FB5-4EF405E17FB7}.Release|Any CPU.Build.0 = Release|Any CPU
	EndGlobalSection
	GlobalSection(SolutionProperties) = preSolution
		HideSolutionNode = FALSE
	EndGlobalSection
	GlobalSection(ExtensibilityGlobals) = postSolution
		SolutionGuid = {664178E3-8D95-4D1E-93BC-F887DCE46D40}
	EndGlobalSection
EndGlobal
